
Microsoft Visual Studio Solution File, Format Version 12.00
# Visual Studio Version 17
VisualStudioVersion = 17.13.35919.96
MinimumVisualStudioVersion = 10.0.40219.1
Project("{FAE04EC0-301F-11D3-BF4B-00C04F79EFBC}") = "SqlRelayServer", "SqlRelayServer\SqlRelayServer.csproj", "{E48112F0-4F07-4287-9C4A-F10E2A5F0256}"
EndProject
Project("{FAE04EC0-301F-11D3-BF4B-00C04F79EFBC}") = "SqlTunnelWebClient", "SqlTunnelWebClient\SqlTunnelWebClient.csproj", "{E877D217-EDC9-44D9-97C1-20742AFDF995}"
EndProject
Project("{FAE04EC0-301F-11D3-BF4B-00C04F79EFBC}") = "SQLTunnelService", "SQLTunnelService\SQLTunnelService.csproj", "{8CA9AA14-E0C8-4982-9DCE-9BBA62DCB6FD}"
EndProject
Project("{FAE04EC0-301F-11D3-BF4B-00C04F79EFBC}") = "TdsTest", "TdsTest\TdsTest.csproj", "{2D19FCDD-B8C4-43AA-A751-869D6784D13E}"
EndProject
Project("{FAE04EC0-301F-11D3-BF4B-00C04F79EFBC}") = "TdsDirectRelay", "TdsDirectRelay\TdsDirectRelay.csproj", "{623F82EC-F370-429A-BBE3-F58D3F4479A7}"
EndProject
Global
	GlobalSection(SolutionConfigurationPlatforms) = preSolution
		Debug|Any CPU = Debug|Any CPU
		Release|Any CPU = Release|Any CPU
	EndGlobalSection
	GlobalSection(ProjectConfigurationPlatforms) = postSolution
		{E48112F0-4F07-4287-9C4A-F10E2A5F0256}.Debug|Any CPU.ActiveCfg = Debug|Any CPU
		{E48112F0-4F07-4287-9C4A-F10E2A5F0256}.Debug|Any CPU.Build.0 = Debug|Any CPU
		{E48112F0-4F07-4287-9C4A-F10E2A5F0256}.Release|Any CPU.ActiveCfg = Release|Any CPU
		{E48112F0-4F07-4287-9C4A-F10E2A5F0256}.Release|Any CPU.Build.0 = Release|Any CPU
		{E877D217-EDC9-44D9-97C1-20742AFDF995}.Debug|Any CPU.ActiveCfg = Debug|Any CPU
		{E877D217-EDC9-44D9-97C1-20742AFDF995}.Debug|Any CPU.Build.0 = Debug|Any CPU
		{E877D217-EDC9-44D9-97C1-20742AFDF995}.Release|Any CPU.ActiveCfg = Release|Any CPU
		{E877D217-EDC9-44D9-97C1-20742AFDF995}.Release|Any CPU.Build.0 = Release|Any CPU
		{8CA9AA14-E0C8-4982-9DCE-9BBA62DCB6FD}.Debug|Any CPU.ActiveCfg = Debug|Any CPU
		{8CA9AA14-E0C8-4982-9DCE-9BBA62DCB6FD}.Debug|Any CPU.Build.0 = Debug|Any CPU
		{8CA9AA14-E0C8-4982-9DCE-9BBA62DCB6FD}.Release|Any CPU.ActiveCfg = Release|Any CPU
		{8CA9AA14-E0C8-4982-9DCE-9BBA62DCB6FD}.Release|Any CPU.Build.0 = Release|Any CPU
		{2D19FCDD-B8C4-43AA-A751-869D6784D13E}.Debug|Any CPU.ActiveCfg = Debug|Any CPU
		{2D19FCDD-B8C4-43AA-A751-869D6784D13E}.Debug|Any CPU.Build.0 = Debug|Any CPU
		{2D19FCDD-B8C4-43AA-A751-869D6784D13E}.Release|Any CPU.ActiveCfg = Release|Any CPU
		{2D19FCDD-B8C4-43AA-A751-869D6784D13E}.Release|Any CPU.Build.0 = Release|Any CPU
		{623F82EC-F370-429A-BBE3-F58D3F4479A7}.Debug|Any CPU.ActiveCfg = Debug|Any CPU
		{623F82EC-F370-429A-BBE3-F58D3F4479A7}.Debug|Any CPU.Build.0 = Debug|Any CPU
		{623F82EC-F370-429A-BBE3-F58D3F4479A7}.Release|Any CPU.ActiveCfg = Release|Any CPU
		{623F82EC-F370-429A-BBE3-F58D3F4479A7}.Release|Any CPU.Build.0 = Release|Any CPU
	EndGlobalSection
	GlobalSection(SolutionProperties) = preSolution
		HideSolutionNode = FALSE
	EndGlobalSection
	GlobalSection(ExtensibilityGlobals) = postSolution
		SolutionGuid = {F87CBFD4-8CC2-4070-B559-649E2627497C}
	EndGlobalSection
EndGlobal
